{
    "_readme": [
        "This file locks the dependencies of your project to a known state",
        "Read more about it at https://getcomposer.org/doc/01-basic-usage.md#installing-dependencies",
        "This file is @generated automatically"
    ],
    "content-hash": "65a60c2219e51e6fdd99777b1e31a2f3",
    "packages": [
        {
            "name": "madhouseplatform/random-names-generator",
            "version": "1.0.5",
            "source": {
                "type": "git",
                "url": "https://github.com/MadhousePlatform/names-generator-php.git",
                "reference": "84267a62ce4d401aa548d49647d4c794d6488521"
            },
            "dist": {
                "type": "zip",
                "url": "https://api.github.com/repos/MadhousePlatform/names-generator-php/zipball/84267a62ce4d401aa548d49647d4c794d6488521",
                "reference": "84267a62ce4d401aa548d49647d4c794d6488521",
                "shasum": ""
            },
            "require": {
                "php": "^8.1.0"
            },
            "require-dev": {
                "phpunit/phpunit": "^9.5.0"
            },
            "type": "library",
            "autoload": {
                "psr-4": {
                    "MadhousePlatform\\": "src/"
                }
            },
            "notification-url": "https://packagist.org/downloads/",
            "license": [
                "MIT"
            ],
            "authors": [
                {
                    "name": "Denver F",
                    "email": "sketch@sketchni.uk",
                    "role": "Developer"
                },
                {
                    "name": "Glenn Engelen",
                    "email": "glenn@nordpeak.studio",
                    "role": "Developer"
                }
            ],
            "description": "Small library that generates a Docker like random name from the list of adjectives and surnames of famous people in the science and tech world.",
            "keywords": [
                "generator",
                "inspiring",
                "random"
            ],
            "support": {
                "source": "https://github.com/MadhousePlatform/names-generator-php/tree/1.0.5"
            },
            "time": "2022-02-16T14:52:52+00:00"
        }
    ],
    "packages-dev": [
        {
            "name": "squizlabs/php_codesniffer",
            "version": "3.12.1",
            "source": {
                "type": "git",
                "url": "https://github.com/PHPCSStandards/PHP_CodeSniffer.git",
                "reference": "ea16a1f3719783345febd3aab41beb55c8c84bfd"
            },
            "dist": {
                "type": "zip",
                "url": "https://api.github.com/repos/PHPCSStandards/PHP_CodeSniffer/zipball/ea16a1f3719783345febd3aab41beb55c8c84bfd",
                "reference": "ea16a1f3719783345febd3aab41beb55c8c84bfd",
                "shasum": ""
            },
            "require": {
                "ext-simplexml": "*",
                "ext-tokenizer": "*",
                "ext-xmlwriter": "*",
                "php": ">=5.4.0"
            },
            "require-dev": {
                "phpunit/phpunit": "^4.0 || ^5.0 || ^6.0 || ^7.0 || ^8.0 || ^9.3.4"
            },
            "bin": [
                "bin/phpcbf",
                "bin/phpcs"
            ],
            "type": "library",
            "extra": {
                "branch-alias": {
                    "dev-master": "3.x-dev"
                }
            },
            "notification-url": "https://packagist.org/downloads/",
            "license": [
                "BSD-3-Clause"
            ],
            "authors": [
                {
                    "name": "Greg Sherwood",
                    "role": "Former lead"
                },
                {
                    "name": "Juliette Reinders Folmer",
                    "role": "Current lead"
                },
                {
                    "name": "Contributors",
                    "homepage": "https://github.com/PHPCSStandards/PHP_CodeSniffer/graphs/contributors"
                }
            ],
            "description": "PHP_CodeSniffer tokenizes PHP, JavaScript and CSS files and detects violations of a defined set of coding standards.",
            "homepage": "https://github.com/PHPCSStandards/PHP_CodeSniffer",
            "keywords": [
                "phpcs",
                "standards",
                "static analysis"
            ],
            "support": {
                "issues": "https://github.com/PHPCSStandards/PHP_CodeSniffer/issues",
                "security": "https://github.com/PHPCSStandards/PHP_CodeSniffer/security/policy",
                "source": "https://github.com/PHPCSStandards/PHP_CodeSniffer",
                "wiki": "https://github.com/PHPCSStandards/PHP_CodeSniffer/wiki"
            },
            "funding": [
                {
                    "url": "https://github.com/PHPCSStandards",
                    "type": "github"
                },
                {
                    "url": "https://github.com/jrfnl",
                    "type": "github"
                },
                {
                    "url": "https://opencollective.com/php_codesniffer",
                    "type": "open_collective"
                },
                {
                    "url": "https://thanks.dev/u/gh/phpcsstandards",
                    "type": "thanks_dev"
                }
            ],
            "time": "2025-04-04T12:57:55+00:00"
        }
    ],
    "aliases": [],
    "minimum-stability": "stable",
    "stability-flags": [],
    "prefer-stable": false,
    "prefer-lowest": false,
    "platform": [],
    "platform-dev": [],
    "plugin-api-version": "2.6.0"
}
